{
  "version": 4,
  "terraform_version": "1.14.3",
  "serial": 4,
  "lineage": "84fa34a3-6f5b-8ba9-4740-90b45f2629e8",
  "outputs": {},
  "resources": [
    {
      "mode": "managed",
      "type": "github_repository",
      "name": "terraform-first-repo",
      "provider": "provider[\"registry.terraform.io/hashicorp/github\"]",
      "instances": [
        {
          "schema_version": 1,
          "attributes": {
            "allow_auto_merge": false,
            "allow_forking": true,
            "allow_merge_commit": true,
            "allow_rebase_merge": true,
            "allow_squash_merge": true,
            "allow_update_branch": false,
            "archive_on_destroy": null,
            "archived": false,
            "auto_init": true,
            "default_branch": "main",
            "delete_branch_on_merge": false,
            "description": "This repository was created using Terraform",
            "etag": "W/\"49040f8178f8ae4cdae5209c1face475d49e6c8449adf904678777bbd93a74e9\"",
            "fork": "false",
            "full_name": "MangeshGot/repo-created-via-terraform",
            "git_clone_url": "git://github.com/MangeshGot/repo-created-via-terraform.git",
            "gitignore_template": null,
            "has_discussions": false,
            "has_downloads": false,
            "has_issues": false,
            "has_projects": false,
            "has_wiki": false,
            "homepage_url": "",
            "html_url": "https://github.com/MangeshGot/repo-created-via-terraform",
            "http_clone_url": "https://github.com/MangeshGot/repo-created-via-terraform.git",
            "id": "repo-created-via-terraform",
            "ignore_vulnerability_alerts_during_read": null,
            "is_template": false,
            "license_template": null,
            "merge_commit_message": "PR_TITLE",
            "merge_commit_title": "MERGE_MESSAGE",
            "name": "repo-created-via-terraform",
            "node_id": "R_kgDORDstog",
            "pages": [],
            "primary_language": "",
            "private": false,
            "repo_id": 1144728994,
            "security_and_analysis": [
              {
                "advanced_security": [],
                "code_security": [],
                "secret_scanning": [
                  {
                    "status": "enabled"
                  }
                ],
                "secret_scanning_ai_detection": [],
                "secret_scanning_non_provider_patterns": [],
                "secret_scanning_push_protection": [
                  {
                    "status": "enabled"
                  }
                ]
              }
            ],
            "source_owner": "",
            "source_repo": "",
            "squash_merge_commit_message": "COMMIT_MESSAGES",
            "squash_merge_commit_title": "COMMIT_OR_PR_TITLE",
            "ssh_clone_url": "git@github.com:MangeshGot/repo-created-via-terraform.git",
            "svn_url": "https://github.com/MangeshGot/repo-created-via-terraform",
            "template": [],
            "topics": [],
            "visibility": "public",
            "vulnerability_alerts": false,
            "web_commit_signoff_required": false
          },
          "sensitive_attributes": [],
          "identity_schema_version": 0,
          "private": "eyJzY2hlbWFfdmVyc2lvbiI6IjEifQ=="
        }
      ]
    }
  ],
  "check_results": null
}
